{"filter":false,"title":"symfony.lock","tooltip":"/symfony4/symfony.lock","undoManager":{"mark":-1,"position":-1,"stack":[]},"ace":{"folds":[],"scrolltop":0,"scrollleft":0,"selection":{"start":{"row":0,"column":0},"end":{"row":0,"column":0},"isBackwards":false},"options":{"guessTabSize":true,"useWrapMode":false,"wrapToView":true},"firstLineState":0},"timestamp":1558434020965,"hash":"018953e0b8bac9acd7aa3dbe2e4ca00813d55a0c"}